// !$*UTF8*$!
{
	archiveVersion = 1;
	classes = {
	};
	objectVersion = 56;
	objects = {

/* Begin PBXBuildFile section */
		D8FB080B29EF514500714C3A /* ArmChallenge Watch App.app in Embed Watch Content */ = {isa = PBXBuildFile; fileRef = D8FB080A29EF514500714C3A /* ArmChallenge Watch App.app */; settings = {ATTRIBUTES = (RemoveHeadersOnCopy, ); }; };
		D8FB081029EF514500714C3A /* ArmChallengeApp.swift in Sources */ = {isa = PBXBuildFile; fileRef = D8FB080F29EF514500714C3A /* ArmChallengeApp.swift */; };
		D8FB081229EF514500714C3A /* ContentView.swift in Sources */ = {isa = PBXBuildFile; fileRef = D8FB081129EF514500714C3A /* ContentView.swift */; };
		D8FB081429EF514600714C3A /* Assets.xcassets in Resources */ = {isa = PBXBuildFile; fileRef = D8FB081329EF514600714C3A /* Assets.xcassets */; };
		D8FB081729EF514600714C3A /* Preview Assets.xcassets in Resources */ = {isa = PBXBuildFile; fileRef = D8FB081629EF514600714C3A /* Preview Assets.xcassets */; };
		D8FB082329EF55C100714C3A /* ArmModel.swift in Sources */ = {isa = PBXBuildFile; fileRef = D8FB082229EF55C100714C3A /* ArmModel.swift */; };
/* End PBXBuildFile section */

/* Begin PBXContainerItemProxy section */
		D8FB080C29EF514500714C3A /* PBXContainerItemProxy */ = {
			isa = PBXContainerItemProxy;
			containerPortal = D8FB07FE29EF514500714C3A /* Project object */;
			proxyType = 1;
			remoteGlobalIDString = D8FB080929EF514500714C3A;
			remoteInfo = "ArmChallenge Watch App";
		};
/* End PBXContainerItemProxy section */

/* Begin PBXCopyFilesBuildPhase section */
		D8FB081D29EF514600714C3A /* Embed Watch Content */ = {
			isa = PBXCopyFilesBuildPhase;
			buildActionMask = 2147483647;
			dstPath = "$(CONTENTS_FOLDER_PATH)/Watch";
			dstSubfolderSpec = 16;
			files = (
				D8FB080B29EF514500714C3A /* ArmChallenge Watch App.app in Embed Watch Content */,
			);
			name = "Embed Watch Content";
			runOnlyForDeploymentPostprocessing = 0;
		};
/* End PBXCopyFilesBuildPhase section */

/* Begin PBXFileReference section */
		D850399A29F111E000677D23 /* ArmChallenge-Watch-App-Info.plist */ = {isa = PBXFileReference; lastKnownFileType = text.plist; path = "ArmChallenge-Watch-App-Info.plist"; sourceTree = SOURCE_ROOT; };
		D8FB080429EF514500714C3A /* ArmChallenge.app */ = {isa = PBXFileReference; explicitFileType = wrapper.application; includeInIndex = 0; path = ArmChallenge.app; sourceTree = BUILT_PRODUCTS_DIR; };
		D8FB080A29EF514500714C3A /* ArmChallenge Watch App.app */ = {isa = PBXFileReference; explicitFileType = wrapper.application; includeInIndex = 0; path = "ArmChallenge Watch App.app"; sourceTree = BUILT_PRODUCTS_DIR; };
		D8FB080F29EF514500714C3A /* ArmChallengeApp.swift */ = {isa = PBXFileReference; lastKnownFileType = sourcecode.swift; path = ArmChallengeApp.swift; sourceTree = "<group>"; };
		D8FB081129EF514500714C3A /* ContentView.swift */ = {isa = PBXFileReference; lastKnownFileType = sourcecode.swift; path = ContentView.swift; sourceTree = "<group>"; };
		D8FB081329EF514600714C3A /* Assets.xcassets */ = {isa = PBXFileReference; lastKnownFileType = folder.assetcatalog; path = Assets.xcassets; sourceTree = "<group>"; };
		D8FB081629EF514600714C3A /* Preview Assets.xcassets */ = {isa = PBXFileReference; lastKnownFileType = folder.assetcatalog; path = "Preview Assets.xcassets"; sourceTree = "<group>"; };
		D8FB082129EF517700714C3A /* ArmChallenge Watch App.entitlements */ = {isa = PBXFileReference; lastKnownFileType = text.plist.entitlements; path = "ArmChallenge Watch App.entitlements"; sourceTree = "<group>"; };
		D8FB082229EF55C100714C3A /* ArmModel.swift */ = {isa = PBXFileReference; lastKnownFileType = sourcecode.swift; path = ArmModel.swift; sourceTree = "<group>"; };
/* End PBXFileReference section */

/* Begin PBXFrameworksBuildPhase section */
		D8FB080729EF514500714C3A /* Frameworks */ = {
			isa = PBXFrameworksBuildPhase;
			buildActionMask = 2147483647;
			files = (
			);
			runOnlyForDeploymentPostprocessing = 0;
		};
/* End PBXFrameworksBuildPhase section */

/* Begin PBXGroup section */
		D8FB07FD29EF514500714C3A = {
			isa = PBXGroup;
			children = (
				D8FB080E29EF514500714C3A /* ArmChallenge Watch App */,
				D8FB080529EF514500714C3A /* Products */,
			);
			sourceTree = "<group>";
		};
		D8FB080529EF514500714C3A /* Products */ = {
			isa = PBXGroup;
			children = (
				D8FB080429EF514500714C3A /* ArmChallenge.app */,
				D8FB080A29EF514500714C3A /* ArmChallenge Watch App.app */,
			);
			name = Products;
			sourceTree = "<group>";
		};
		D8FB080E29EF514500714C3A /* ArmChallenge Watch App */ = {
			isa = PBXGroup;
			children = (
				D850399A29F111E000677D23 /* ArmChallenge-Watch-App-Info.plist */,
				D8FB082129EF517700714C3A /* ArmChallenge Watch App.entitlements */,
				D8FB080F29EF514500714C3A /* ArmChallengeApp.swift */,
				D8FB081129EF514500714C3A /* ContentView.swift */,
				D8FB082229EF55C100714C3A /* ArmModel.swift */,
				D8FB081329EF514600714C3A /* Assets.xcassets */,
				D8FB081529EF514600714C3A /* Preview Content */,
			);
			path = "ArmChallenge Watch App";
			sourceTree = "<group>";
		};
		D8FB081529EF514600714C3A /* Preview Content */ = {
			isa = PBXGroup;
			children = (
				D8FB081629EF514600714C3A /* Preview Assets.xcassets */,
			);
			path = "Preview Content";
			sourceTree = "<group>";
		};
/* End PBXGroup section */

/* Begin PBXNativeTarget section */
		D8FB080329EF514500714C3A /* ArmChallenge */ = {
			isa = PBXNativeTarget;
			buildConfigurationList = D8FB081E29EF514600714C3A /* Build configuration list for PBXNativeTarget "ArmChallenge" */;
			buildPhases = (
				D8FB080229EF514500714C3A /* Resources */,
				D8FB081D29EF514600714C3A /* Embed Watch Content */,
			);
			buildRules = (
			);
			dependencies = (
				D8FB080D29EF514500714C3A /* PBXTargetDependency */,
			);
			name = ArmChallenge;
			productName = ArmChallenge;
			productReference = D8FB080429EF514500714C3A /* ArmChallenge.app */;
			productType = "com.apple.product-type.application.watchapp2-container";
		};
		D8FB080929EF514500714C3A /* ArmChallenge Watch App */ = {
			isa = PBXNativeTarget;
			buildConfigurationList = D8FB081A29EF514600714C3A /* Build configuration list for PBXNativeTarget "ArmChallenge Watch App" */;
			buildPhases = (
				D8FB080629EF514500714C3A /* Sources */,
				D8FB080729EF514500714C3A /* Frameworks */,
				D8FB080829EF514500714C3A /* Resources */,
			);
			buildRules = (
			);
			dependencies = (
			);
			name = "ArmChallenge Watch App";
			productName = "ArmChallenge Watch App";
			productReference = D8FB080A29EF514500714C3A /* ArmChallenge Watch App.app */;
			productType = "com.apple.product-type.application";
		};
/* End PBXNativeTarget section */

/* Begin PBXProject section */
		D8FB07FE29EF514500714C3A /* Project object */ = {
			isa = PBXProject;
			attributes = {
				BuildIndependentTargetsInParallel = 1;
				LastSwiftUpdateCheck = 1430;
				LastUpgradeCheck = 1430;
				TargetAttributes = {
					D8FB080329EF514500714C3A = {
						CreatedOnToolsVersion = 14.3;
					};
					D8FB080929EF514500714C3A = {
						CreatedOnToolsVersion = 14.3;
					};
				};
			};
			buildConfigurationList = D8FB080129EF514500714C3A /* Build configuration list for PBXProject "ArmChallenge" */;
			compatibilityVersion = "Xcode 14.0";
			developmentRegion = en;
			hasScannedForEncodings = 0;
			knownRegions = (
				en,
				Base,
			);
			mainGroup = D8FB07FD29EF514500714C3A;
			productRefGroup = D8FB080529EF514500714C3A /* Products */;
			projectDirPath = "";
			projectRoot = "";
			targets = (
				D8FB080329EF514500714C3A /* ArmChallenge */,
				D8FB080929EF514500714C3A /* ArmChallenge Watch App */,
			);
		};
/* End PBXProject section */

/* Begin PBXResourcesBuildPhase section */
		D8FB080229EF514500714C3A /* Resources */ = {
			isa = PBXResourcesBuildPhase;
			buildActionMask = 2147483647;
			files = (
			);
			runOnlyForDeploymentPostprocessing = 0;
		};
		D8FB080829EF514500714C3A /* Resources */ = {
			isa = PBXResourcesBuildPhase;
			buildActionMask = 2147483647;
			files = (
				D8FB081729EF514600714C3A /* Preview Assets.xcassets in Resources */,
				D8FB081429EF514600714C3A /* Assets.xcassets in Resources */,
			);
			runOnlyForDeploymentPostprocessing = 0;
		};
/* End PBXResourcesBuildPhase section */

/* Begin PBXSourcesBuildPhase section */
		D8FB080629EF514500714C3A /* Sources */ = {
			isa = PBXSourcesBuildPhase;
			buildActionMask = 2147483647;
			files = (
				D8FB081229EF514500714C3A /* ContentView.swift in Sources */,
				D8FB082329EF55C100714C3A /* ArmModel.swift in Sources */,
				D8FB081029EF514500714C3A /* ArmChallengeApp.swift in Sources */,
			);
			runOnlyForDeploymentPostprocessing = 0;
		};
/* End PBXSourcesBuildPhase section */

/* Begin PBXTargetDependency section */
		D8FB080D29EF514500714C3A /* PBXTargetDependency */ = {
			isa = PBXTargetDependency;
			target = D8FB080929EF514500714C3A /* ArmChallenge Watch App */;
			targetProxy = D8FB080C29EF514500714C3A /* PBXContainerItemProxy */;
		};
/* End PBXTargetDependency section */

/* Begin XCBuildConfiguration section */
		D8FB081829EF514600714C3A /* Debug */ = {
			isa = XCBuildConfiguration;
			buildSettings = {
				ALWAYS_SEARCH_USER_PATHS = NO;
				CLANG_ANALYZER_NONNULL = YES;
				CLANG_ANALYZER_NUMBER_OBJECT_CONVERSION = YES_AGGRESSIVE;
				CLANG_CXX_LANGUAGE_STANDARD = "gnu++20";
				CLANG_ENABLE_MODULES = YES;
				CLANG_ENABLE_OBJC_ARC = YES;
				CLANG_ENABLE_OBJC_WEAK = YES;
				CLANG_WARN_BLOCK_CAPTURE_AUTORELEASING = YES;
				CLANG_WARN_BOOL_CONVERSION = YES;
				CLANG_WARN_COMMA = YES;
				CLANG_WARN_CONSTANT_CONVERSION = YES;
				CLANG_WARN_DEPRECATED_OBJC_IMPLEMENTATIONS = YES;
				CLANG_WARN_DIRECT_OBJC_ISA_USAGE = YES_ERROR;
				CLANG_WARN_DOCUMENTATION_COMMENTS = YES;
				CLANG_WARN_EMPTY_BODY = YES;
				CLANG_WARN_ENUM_CONVERSION = YES;
				CLANG_WARN_INFINITE_RECURSION = YES;
				CLANG_WARN_INT_CONVERSION = YES;
				CLANG_WARN_NON_LITERAL_NULL_CONVERSION = YES;
				CLANG_WARN_OBJC_IMPLICIT_RETAIN_SELF = YES;
				CLANG_WARN_OBJC_LITERAL_CONVERSION = YES;
				CLANG_WARN_OBJC_ROOT_CLASS = YES_ERROR;
				CLANG_WARN_QUOTED_INCLUDE_IN_FRAMEWORK_HEADER = YES;
				CLANG_WARN_RANGE_LOOP_ANALYSIS = YES;
				CLANG_WARN_STRICT_PROTOTYPES = YES;
				CLANG_WARN_SUSPICIOUS_MOVE = YES;
				CLANG_WARN_UNGUARDED_AVAILABILITY = YES_AGGRESSIVE;
				CLANG_WARN_UNREACHABLE_CODE = YES;
				CLANG_WARN__DUPLICATE_METHOD_MATCH = YES;
				COPY_PHASE_STRIP = NO;
				DEBUG_INFORMATION_FORMAT = dwarf;
				ENABLE_STRICT_OBJC_MSGSEND = YES;
				ENABLE_TESTABILITY = YES;
				GCC_C_LANGUAGE_STANDARD = gnu11;
				GCC_DYNAMIC_NO_PIC = NO;
				GCC_NO_COMMON_BLOCKS = YES;
				GCC_OPTIMIZATION_LEVEL = 0;
				GCC_PREPROCESSOR_DEFINITIONS = (
					"DEBUG=1",
					"$(inherited)",
				);
				GCC_WARN_64_TO_32_BIT_CONVERSION = YES;
				GCC_WARN_ABOUT_RETURN_TYPE = YES_ERROR;
				GCC_WARN_UNDECLARED_SELECTOR = YES;
				GCC_WARN_UNINITIALIZED_AUTOS = YES_AGGRESSIVE;
				GCC_WARN_UNUSED_FUNCTION = YES;
				GCC_WARN_UNUSED_VARIABLE = YES;
				MTL_ENABLE_DEBUG_INFO = INCLUDE_SOURCE;
				MTL_FAST_MATH = YES;
				ONLY_ACTIVE_ARCH = YES;
				SWIFT_ACTIVE_COMPILATION_CONDITIONS = DEBUG;
				SWIFT_OPTIMIZATION_LEVEL = "-Onone";
			};
			name = Debug;
		};
		D8FB081929EF514600714C3A /* Release */ = {
			isa = XCBuildConfiguration;
			buildSettings = {
				ALWAYS_SEARCH_USER_PATHS = NO;
				CLANG_ANALYZER_NONNULL = YES;
				CLANG_ANALYZER_NUMBER_OBJECT_CONVERSION = YES_AGGRESSIVE;
				CLANG_CXX_LANGUAGE_STANDARD = "gnu++20";
				CLANG_ENABLE_MODULES = YES;
				CLANG_ENABLE_OBJC_ARC = YES;
				CLANG_ENABLE_OBJC_WEAK = YES;
				CLANG_WARN_BLOCK_CAPTURE_AUTORELEASING = YES;
				CLANG_WARN_BOOL_CONVERSION = YES;
				CLANG_WARN_COMMA = YES;
				CLANG_WARN_CONSTANT_CONVERSION = YES;
				CLANG_WARN_DEPRECATED_OBJC_IMPLEMENTATIONS = YES;
				CLANG_WARN_DIRECT_OBJC_ISA_USAGE = YES_ERROR;
				CLANG_WARN_DOCUMENTATION_COMMENTS = YES;
				CLANG_WARN_EMPTY_BODY = YES;
				CLANG_WARN_ENUM_CONVERSION = YES;
				CLANG_WARN_INFINITE_RECURSION = YES;
				CLANG_WARN_INT_CONVERSION = YES;
				CLANG_WARN_NON_LITERAL_NULL_CONVERSION = YES;
				CLANG_WARN_OBJC_IMPLICIT_RETAIN_SELF = YES;
				CLANG_WARN_OBJC_LITERAL_CONVERSION = YES;
				CLANG_WARN_OBJC_ROOT_CLASS = YES_ERROR;
				CLANG_WARN_QUOTED_INCLUDE_IN_FRAMEWORK_HEADER = YES;
				CLANG_WARN_RANGE_LOOP_ANALYSIS = YES;
				CLANG_WARN_STRICT_PROTOTYPES = YES;
				CLANG_WARN_SUSPICIOUS_MOVE = YES;
				CLANG_WARN_UNGUARDED_AVAILABILITY = YES_AGGRESSIVE;
				CLANG_WARN_UNREACHABLE_CODE = YES;
				CLANG_WARN__DUPLICATE_METHOD_MATCH = YES;
				COPY_PHASE_STRIP = NO;
				DEBUG_INFORMATION_FORMAT = "dwarf-with-dsym";
				ENABLE_NS_ASSERTIONS = NO;
				ENABLE_STRICT_OBJC_MSGSEND = YES;
				GCC_C_LANGUAGE_STANDARD = gnu11;
				GCC_NO_COMMON_BLOCKS = YES;
				GCC_WARN_64_TO_32_BIT_CONVERSION = YES;
				GCC_WARN_ABOUT_RETURN_TYPE = YES_ERROR;
				GCC_WARN_UNDECLARED_SELECTOR = YES;
				GCC_WARN_UNINITIALIZED_AUTOS = YES_AGGRESSIVE;
				GCC_WARN_UNUSED_FUNCTION = YES;
				GCC_WARN_UNUSED_VARIABLE = YES;
				MTL_ENABLE_DEBUG_INFO = NO;
				MTL_FAST_MATH = YES;
				SWIFT_COMPILATION_MODE = wholemodule;
				SWIFT_OPTIMIZATION_LEVEL = "-O";
			};
			name = Release;
		};
		D8FB081B29EF514600714C3A /* Debug */ = {
			isa = XCBuildConfiguration;
			buildSettings = {
				ASSETCATALOG_COMPILER_APPICON_NAME = AppIcon;
				ASSETCATALOG_COMPILER_GLOBAL_ACCENT_COLOR_NAME = AccentColor;
				CODE_SIGN_ENTITLEMENTS = "ArmChallenge Watch App/ArmChallenge Watch App.entitlements";
				CODE_SIGN_STYLE = Automatic;
				CURRENT_PROJECT_VERSION = 1;
				DEVELOPMENT_ASSET_PATHS = "\"ArmChallenge Watch App/Preview Content\"";
				DEVELOPMENT_TEAM = 2BY2NMR4CA;
				ENABLE_PREVIEWS = YES;
				GENERATE_INFOPLIST_FILE = YES;
				INFOPLIST_FILE = "ArmChallenge-Watch-App-Info.plist";
				INFOPLIST_KEY_CFBundleDisplayName = ArmChallenge;
				INFOPLIST_KEY_NSHealthShareUsageDescription = "Your workout related data will be used to display your activity during a workout.";
				INFOPLIST_KEY_NSHealthUpdateUsageDescription = "Workouts tracked by Arm Challenge on Apple Watch will be saved to HealthKit.";
				INFOPLIST_KEY_UISupportedInterfaceOrientations = "UIInterfaceOrientationPortrait UIInterfaceOrientationPortraitUpsideDown";
				INFOPLIST_KEY_WKWatchOnly = YES;
				LD_RUNPATH_SEARCH_PATHS = (
					"$(inherited)",
					"@executable_path/Frameworks",
				);
				MARKETING_VERSION = 1.0;
				PRODUCT_BUNDLE_IDENTIFIER = com.epage.ArmChallenge.watchkitapp;
				PRODUCT_NAME = "$(TARGET_NAME)";
				SDKROOT = watchos;
				SKIP_INSTALL = YES;
				SWIFT_EMIT_LOC_STRINGS = YES;
				SWIFT_VERSION = 5.0;
				TARGETED_DEVICE_FAMILY = 4;
				WATCHOS_DEPLOYMENT_TARGET = 9.0;
			};
			name = Debug;
		};
		D8FB081C29EF514600714C3A /* Release */ = {
			isa = XCBuildConfiguration;
			buildSettings = {
				ASSETCATALOG_COMPILER_APPICON_NAME = AppIcon;
				ASSETCATALOG_COMPILER_GLOBAL_ACCENT_COLOR_NAME = AccentColor;
				CODE_SIGN_ENTITLEMENTS = "ArmChallenge Watch App/ArmChallenge Watch App.entitlements";
				CODE_SIGN_STYLE = Automatic;
				CURRENT_PROJECT_VERSION = 1;
				DEVELOPMENT_ASSET_PATHS = "\"ArmChallenge Watch App/Preview Content\"";
				DEVELOPMENT_TEAM = 2BY2NMR4CA;
				ENABLE_PREVIEWS = YES;
				GENERATE_INFOPLIST_FILE = YES;
				INFOPLIST_FILE = "ArmChallenge-Watch-App-Info.plist";
				INFOPLIST_KEY_CFBundleDisplayName = ArmChallenge;
				INFOPLIST_KEY_NSHealthShareUsageDescription = "Your workout related data will be used to display your activity during a workout.";
				INFOPLIST_KEY_NSHealthUpdateUsageDescription = "Workouts tracked by Arm Challenge on Apple Watch will be saved to HealthKit.";
				INFOPLIST_KEY_UISupportedInterfaceOrientations = "UIInterfaceOrientationPortrait UIInterfaceOrientationPortraitUpsideDown";
				INFOPLIST_KEY_WKWatchOnly = YES;
				LD_RUNPATH_SEARCH_PATHS = (
					"$(inherited)",
					"@executable_path/Frameworks",
				);
				MARKETING_VERSION = 1.0;
				PRODUCT_BUNDLE_IDENTIFIER = com.epage.ArmChallenge.watchkitapp;
				PRODUCT_NAME = "$(TARGET_NAME)";
				SDKROOT = watchos;
				SKIP_INSTALL = YES;
				SWIFT_EMIT_LOC_STRINGS = YES;
				SWIFT_VERSION = 5.0;
				TARGETED_DEVICE_FAMILY = 4;
				VALIDATE_PRODUCT = YES;
				WATCHOS_DEPLOYMENT_TARGET = 9.0;
			};
			name = Release;
		};
		D8FB081F29EF514600714C3A /* Debug */ = {
			isa = XCBuildConfiguration;
			buildSettings = {
				ALWAYS_EMBED_SWIFT_STANDARD_LIBRARIES = YES;
				CODE_SIGN_STYLE = Automatic;
				CURRENT_PROJECT_VERSION = 1;
				DEVELOPMENT_TEAM = 2BY2NMR4CA;
				INFOPLIST_KEY_CFBundleDisplayName = ArmChallenge;
				MARKETING_VERSION = 1.0;
				PRODUCT_BUNDLE_IDENTIFIER = com.epage.ArmChallenge;
				PRODUCT_NAME = "$(TARGET_NAME)";
				SDKROOT = iphoneos;
				SWIFT_VERSION = 5.0;
			};
			name = Debug;
		};
		D8FB082029EF514600714C3A /* Release */ = {
			isa = XCBuildConfiguration;
			buildSettings = {
				ALWAYS_EMBED_SWIFT_STANDARD_LIBRARIES = YES;
				CODE_SIGN_STYLE = Automatic;
				CURRENT_PROJECT_VERSION = 1;
				DEVELOPMENT_TEAM = 2BY2NMR4CA;
				INFOPLIST_KEY_CFBundleDisplayName = ArmChallenge;
				MARKETING_VERSION = 1.0;
				PRODUCT_BUNDLE_IDENTIFIER = com.epage.ArmChallenge;
				PRODUCT_NAME = "$(TARGET_NAME)";
				SDKROOT = iphoneos;
				SWIFT_VERSION = 5.0;
				VALIDATE_PRODUCT = YES;
			};
			name = Release;
		};
/* End XCBuildConfiguration section */

/* Begin XCConfigurationList section */
		D8FB080129EF514500714C3A /* Build configuration list for PBXProject "ArmChallenge" */ = {
			isa = XCConfigurationList;
			buildConfigurations = (
				D8FB081829EF514600714C3A /* Debug */,
				D8FB081929EF514600714C3A /* Release */,
			);
			defaultConfigurationIsVisible = 0;
			defaultConfigurationName = Release;
		};
		D8FB081A29EF514600714C3A /* Build configuration list for PBXNativeTarget "ArmChallenge Watch App" */ = {
			isa = XCConfigurationList;
			buildConfigurations = (
				D8FB081B29EF514600714C3A /* Debug */,
				D8FB081C29EF514600714C3A /* Release */,
			);
			defaultConfigurationIsVisible = 0;
			defaultConfigurationName = Release;
		};
		D8FB081E29EF514600714C3A /* Build configuration list for PBXNativeTarget "ArmChallenge" */ = {
			isa = XCConfigurationList;
			buildConfigurations = (
				D8FB081F29EF514600714C3A /* Debug */,
				D8FB082029EF514600714C3A /* Release */,
			);
			defaultConfigurationIsVisible = 0;
			defaultConfigurationName = Release;
		};
/* End XCConfigurationList section */
	};
	rootObject = D8FB07FE29EF514500714C3A /* Project object */;
}
